{
  "name": "js-protobuf-example",
  "version": "0.0.1",
  "lockfileVersion": 2,
  "requires": true,
  "packages": {
    "": {
      "name": "js-protobuf-example",
      "version": "0.0.1",
      "license": "MIT",
      "dependencies": {
        "google-protobuf": "^3.0.0"
      }
    },
    "node_modules/google-protobuf": {
      "version": "3.18.1",
      "resolved": "https://registry.npmmirror.com/google-protobuf/download/google-protobuf-3.18.1.tgz",
      "integrity": "sha1-Md4Qtl6DOqW71EaA6KdI+lTJIPY=",
      "license": "BSD-3-Clause"
    }
  },
  "dependencies": {
    "google-protobuf": {
      "version": "3.18.1",
      "resolved": "https://registry.npmmirror.com/google-protobuf/download/google-protobuf-3.18.1.tgz",
      "integrity": "sha1-Md4Qtl6DOqW71EaA6KdI+lTJIPY="
    }
  }
}
